# THIS IS AN AUTOGENERATED FILE. DO NOT EDIT THIS FILE DIRECTLY.
# yarn lockfile v1


marked-smartypants@^1.1.9:
  version "1.1.9"
  resolved "https://registry.yarnpkg.com/marked-smartypants/-/marked-smartypants-1.1.9.tgz#d00e9ee824ac6d9d82454670b0763778f963facb"
  integrity sha512-VPeuaUr5IWptI7nJdgQ9ugrLWYGv13NdzEXTtKY3cmB4aRWOI2RzhLlf+xQp6Wnob9SAPO2sNVlfSJr+nflk/A==
  dependencies:
    smartypants "^0.2.2"

marked@^15.0.4:
  version "15.0.4"
  resolved "https://registry.yarnpkg.com/marked/-/marked-15.0.4.tgz#864dbf50227b6507646c771c2ef5f0de2924833e"
  integrity sha512-TCHvDqmb3ZJ4PWG7VEGVgtefA5/euFmsIhxtD0XsBxI39gUSKL81mIRFdt0AiNQozUahd4ke98ZdirExd/vSEw==

smartypants@^0.2.2:
  version "0.2.2"
  resolved "https://registry.yarnpkg.com/smartypants/-/smartypants-0.2.2.tgz#ad7124d8eb9ab437906db1cd7bd7aaf49e5d9a42"
  integrity sha512-TzobUYoEft/xBtb2voRPryAUIvYguG0V7Tt3de79I1WfXgCwelqVsGuZSnu3GFGRZhXR90AeEYIM+icuB/S06Q==
